
Microsoft Visual Studio Solution File, Format Version 12.00
# Visual Studio Version 16
VisualStudioVersion = 16.0.32510.428
MinimumVisualStudioVersion = 10.0.40219.1
Project("{FAE04EC0-301F-11D3-BF4B-00C04F79EFBC}") = "TryItPage", "TryItPage\TryItPage.csproj", "{FE3CA487-0DE3-4809-82C6-44DBCB886E0B}"
	ProjectSection(ProjectDependencies) = postProject
		{428A1340-6B05-4241-92A9-D61AD31AF640} = {428A1340-6B05-4241-92A9-D61AD31AF640}
	EndProjectSection
EndProject
Project("{FAE04EC0-301F-11D3-BF4B-00C04F79EFBC}") = "S20_Number2Words", "..\S20_Number2Words\S20_Number2Words\S20_Number2Words.csproj", "{428A1340-6B05-4241-92A9-D61AD31AF640}"
EndProject
Project("{FAE04EC0-301F-11D3-BF4B-00C04F79EFBC}") = "S1_WebDownloading", "..\S1_WebDownloading\S1_WebDownloading\S1_WebDownloading.csproj", "{DE5CE3BF-077D-4F33-8698-FB719FCF4085}"
EndProject
Global
	GlobalSection(SolutionConfigurationPlatforms) = preSolution
		Debug|Any CPU = Debug|Any CPU
		Release|Any CPU = Release|Any CPU
	EndGlobalSection
	GlobalSection(ProjectConfigurationPlatforms) = postSolution
		{FE3CA487-0DE3-4809-82C6-44DBCB886E0B}.Debug|Any CPU.ActiveCfg = Debug|Any CPU
		{FE3CA487-0DE3-4809-82C6-44DBCB886E0B}.Debug|Any CPU.Build.0 = Debug|Any CPU
		{FE3CA487-0DE3-4809-82C6-44DBCB886E0B}.Release|Any CPU.ActiveCfg = Release|Any CPU
		{FE3CA487-0DE3-4809-82C6-44DBCB886E0B}.Release|Any CPU.Build.0 = Release|Any CPU
		{428A1340-6B05-4241-92A9-D61AD31AF640}.Debug|Any CPU.ActiveCfg = Debug|Any CPU
		{428A1340-6B05-4241-92A9-D61AD31AF640}.Debug|Any CPU.Build.0 = Debug|Any CPU
		{428A1340-6B05-4241-92A9-D61AD31AF640}.Release|Any CPU.ActiveCfg = Release|Any CPU
		{428A1340-6B05-4241-92A9-D61AD31AF640}.Release|Any CPU.Build.0 = Release|Any CPU
		{DE5CE3BF-077D-4F33-8698-FB719FCF4085}.Debug|Any CPU.ActiveCfg = Debug|Any CPU
		{DE5CE3BF-077D-4F33-8698-FB719FCF4085}.Debug|Any CPU.Build.0 = Debug|Any CPU
		{DE5CE3BF-077D-4F33-8698-FB719FCF4085}.Release|Any CPU.ActiveCfg = Release|Any CPU
		{DE5CE3BF-077D-4F33-8698-FB719FCF4085}.Release|Any CPU.Build.0 = Release|Any CPU
	EndGlobalSection
	GlobalSection(SolutionProperties) = preSolution
		HideSolutionNode = FALSE
	EndGlobalSection
	GlobalSection(ExtensibilityGlobals) = postSolution
		SolutionGuid = {D403387E-5B2B-4198-8F29-C2DC39EEE9FA}
	EndGlobalSection
EndGlobal
